lockfileVersion: '9.0'

settings:
  autoInstallPeers: true
  excludeLinksFromLockfile: false

importers:

  .:
    dependencies:
      '@tanstack/react-query':
        specifier: ^5.100.10
        version: 5.100.10(react@19.2.6)
    devDependencies:
      prettier:
        specifier: ^3.8.3
        version: 3.8.3
      typescript:
        specifier: ~5.9.3
        version: 5.9.3

packages:

  '@tanstack/query-core@5.100.10':
    resolution: {integrity: sha512-8UR0yJR+GiQ40m3lPhUr0xbfAupe6GSQiksSBSa9SM2NjezFyxXCIA69/lz8cSoNKZLrw1/PktIyQBJcVeMi3w==}

  '@tanstack/react-query@5.100.10':
    resolution: {integrity: sha512-FLaZf2RCrA/Zgp4aiu5tG3TyasTRO7aZ99skxQpr3Hg/zXOhu6yq5FZCYQ/tRaJtM9ylnoK8tFK7PolXQadv6Q==}
    peerDependencies:
      react: ^18 || ^19

  prettier@3.8.3:
    resolution: {integrity: sha512-7igPTM53cGHMW8xWuVTydi2KO233VFiTNyF5hLJqpilHfmn8C8gPf+PS7dUT64YcXFbiMGZxS9pCSxL/Dxm/Jw==}
    engines: {node: '>=14'}
    hasBin: true

  react@19.2.6:
    resolution: {integrity: sha512-sfWGGfavi0xr8Pg0sVsyHMAOziVYKgPLNrS7ig+ivMNb3wbCBw3KxtflsGBAwD3gYQlE/AEZsTLgToRrSCjb0Q==}
    engines: {node: '>=0.10.0'}

  typescript@5.9.3:
    resolution: {integrity: sha512-jl1vZzPDinLr9eUt3J/t7V6FgNEw9QjvBPdysz9KfQDD41fQrC2Y4vKQdiaUpFT4bXlb1RHhLpp8wtm6M5TgSw==}
    engines: {node: '>=14.17'}
    hasBin: true

snapshots:

  '@tanstack/query-core@5.100.10': {}

  '@tanstack/react-query@5.100.10(react@19.2.6)':
    dependencies:
      '@tanstack/query-core': 5.100.10
      react: 19.2.6

  prettier@3.8.3: {}

  react@19.2.6: {}

  typescript@5.9.3: {}
